// !$*UTF8*$!
{
	archiveVersion = 1;
	classes = {
	};
	objectVersion = 48;
	objects = {

/* Begin PBXBuildFile section */
		5B228E2E1F18239700640DD6 /* ColoredTableViewController.swift in Sources */ = {isa = PBXBuildFile; fileRef = 5B228E2C1F18239700640DD6 /* ColoredTableViewController.swift */; };
		5B228E2F1F18239700640DD6 /* ColoredTableViewController.xib in Resources */ = {isa = PBXBuildFile; fileRef = 5B228E2D1F18239700640DD6 /* ColoredTableViewController.xib */; };
		5B228E321F1940CD00640DD6 /* ColoredViewController.swift in Sources */ = {isa = PBXBuildFile; fileRef = 5B228E311F1940AC00640DD6 /* ColoredViewController.swift */; };
		5B228E331F1940D700640DD6 /* ColoredViewController.xib in Resources */ = {isa = PBXBuildFile; fileRef = 5B228E301F1940AC00640DD6 /* ColoredViewController.xib */; };
		5B228E351F19415B00640DD6 /* ColoredViewControllerModel.swift in Sources */ = {isa = PBXBuildFile; fileRef = 5B228E341F19415600640DD6 /* ColoredViewControllerModel.swift */; };
		5BF5E47A1F0D9B5E004FE921 /* AppDelegate.swift in Sources */ = {isa = PBXBuildFile; fileRef = 5BF5E4791F0D9B5E004FE921 /* AppDelegate.swift */; };
		5BF5E47C1F0D9B5E004FE921 /* FlowViewController.swift in Sources */ = {isa = PBXBuildFile; fileRef = 5BF5E47B1F0D9B5E004FE921 /* FlowViewController.swift */; };
		5BF5E47F1F0D9B5E004FE921 /* Main.storyboard in Resources */ = {isa = PBXBuildFile; fileRef = 5BF5E47D1F0D9B5E004FE921 /* Main.storyboard */; };
		5BF5E4811F0D9B5E004FE921 /* Assets.xcassets in Resources */ = {isa = PBXBuildFile; fileRef = 5BF5E4801F0D9B5E004FE921 /* Assets.xcassets */; };
		5BF5E4841F0D9B5E004FE921 /* LaunchScreen.storyboard in Resources */ = {isa = PBXBuildFile; fileRef = 5BF5E4821F0D9B5E004FE921 /* LaunchScreen.storyboard */; };
		5BF5E4971F0EEB6E004FE921 /* MvvmTouch.framework in CopyFiles */ = {isa = PBXBuildFile; fileRef = 5BF5E4931F0EEB24004FE921 /* MvvmTouch.framework */; settings = {ATTRIBUTES = (CodeSignOnCopy, RemoveHeadersOnCopy, ); }; };
/* End PBXBuildFile section */

/* Begin PBXContainerItemProxy section */
		5BF5E4921F0EEB24004FE921 /* PBXContainerItemProxy */ = {
			isa = PBXContainerItemProxy;
			containerPortal = 5BF5E48D1F0EEB24004FE921 /* MvvmTouch.xcodeproj */;
			proxyType = 2;
			remoteGlobalIDString = 5B1C8A751E36949900F3DD3B;
			remoteInfo = MvvmTouch;
		};
		5BF5E4941F0EEB24004FE921 /* PBXContainerItemProxy */ = {
			isa = PBXContainerItemProxy;
			containerPortal = 5BF5E48D1F0EEB24004FE921 /* MvvmTouch.xcodeproj */;
			proxyType = 2;
			remoteGlobalIDString = 5B1C8A7E1E36949900F3DD3B;
			remoteInfo = MvvmTouchTests;
		};
/* End PBXContainerItemProxy section */

/* Begin PBXCopyFilesBuildPhase section */
		5BF5E4961F0EEB5F004FE921 /* CopyFiles */ = {
			isa = PBXCopyFilesBuildPhase;
			buildActionMask = 2147483647;
			dstPath = "";
			dstSubfolderSpec = 10;
			files = (
				5BF5E4971F0EEB6E004FE921 /* MvvmTouch.framework in CopyFiles */,
			);
			runOnlyForDeploymentPostprocessing = 0;
		};
/* End PBXCopyFilesBuildPhase section */

/* Begin PBXFileReference section */
		5B228E2C1F18239700640DD6 /* ColoredTableViewController.swift */ = {isa = PBXFileReference; lastKnownFileType = sourcecode.swift; path = ColoredTableViewController.swift; sourceTree = "<group>"; };
		5B228E2D1F18239700640DD6 /* ColoredTableViewController.xib */ = {isa = PBXFileReference; lastKnownFileType = file.xib; path = ColoredTableViewController.xib; sourceTree = "<group>"; };
		5B228E301F1940AC00640DD6 /* ColoredViewController.xib */ = {isa = PBXFileReference; lastKnownFileType = file.xib; path = ColoredViewController.xib; sourceTree = "<group>"; };
		5B228E311F1940AC00640DD6 /* ColoredViewController.swift */ = {isa = PBXFileReference; lastKnownFileType = sourcecode.swift; path = ColoredViewController.swift; sourceTree = "<group>"; };
		5B228E341F19415600640DD6 /* ColoredViewControllerModel.swift */ = {isa = PBXFileReference; lastKnownFileType = sourcecode.swift; path = ColoredViewControllerModel.swift; sourceTree = "<group>"; };
		5BF5E4761F0D9B5E004FE921 /* FlowExample.app */ = {isa = PBXFileReference; explicitFileType = wrapper.application; includeInIndex = 0; path = FlowExample.app; sourceTree = BUILT_PRODUCTS_DIR; };
		5BF5E4791F0D9B5E004FE921 /* AppDelegate.swift */ = {isa = PBXFileReference; lastKnownFileType = sourcecode.swift; path = AppDelegate.swift; sourceTree = "<group>"; };
		5BF5E47B1F0D9B5E004FE921 /* FlowViewController.swift */ = {isa = PBXFileReference; lastKnownFileType = sourcecode.swift; path = FlowViewController.swift; sourceTree = "<group>"; };
		5BF5E47E1F0D9B5E004FE921 /* Base */ = {isa = PBXFileReference; lastKnownFileType = file.storyboard; name = Base; path = Base.lproj/Main.storyboard; sourceTree = "<group>"; };
		5BF5E4801F0D9B5E004FE921 /* Assets.xcassets */ = {isa = PBXFileReference; lastKnownFileType = folder.assetcatalog; path = Assets.xcassets; sourceTree = "<group>"; };
		5BF5E4831F0D9B5E004FE921 /* Base */ = {isa = PBXFileReference; lastKnownFileType = file.storyboard; name = Base; path = Base.lproj/LaunchScreen.storyboard; sourceTree = "<group>"; };
		5BF5E4851F0D9B5E004FE921 /* Info.plist */ = {isa = PBXFileReference; lastKnownFileType = text.plist.xml; path = Info.plist; sourceTree = "<group>"; };
		5BF5E48D1F0EEB24004FE921 /* MvvmTouch.xcodeproj */ = {isa = PBXFileReference; lastKnownFileType = "wrapper.pb-project"; name = MvvmTouch.xcodeproj; path = ../../MvvmTouch.xcodeproj; sourceTree = "<group>"; };
/* End PBXFileReference section */

/* Begin PBXFrameworksBuildPhase section */
		5BF5E4731F0D9B5E004FE921 /* Frameworks */ = {
			isa = PBXFrameworksBuildPhase;
			buildActionMask = 2147483647;
			files = (
			);
			runOnlyForDeploymentPostprocessing = 0;
		};
/* End PBXFrameworksBuildPhase section */

/* Begin PBXGroup section */
		5BF5E46D1F0D9B5E004FE921 = {
			isa = PBXGroup;
			children = (
				5BF5E4781F0D9B5E004FE921 /* FlowExample */,
				5BF5E4771F0D9B5E004FE921 /* Products */,
			);
			sourceTree = "<group>";
		};
		5BF5E4771F0D9B5E004FE921 /* Products */ = {
			isa = PBXGroup;
			children = (
				5BF5E4761F0D9B5E004FE921 /* FlowExample.app */,
			);
			name = Products;
			sourceTree = "<group>";
		};
		5BF5E4781F0D9B5E004FE921 /* FlowExample */ = {
			isa = PBXGroup;
			children = (
				5B228E341F19415600640DD6 /* ColoredViewControllerModel.swift */,
				5B228E311F1940AC00640DD6 /* ColoredViewController.swift */,
				5B228E301F1940AC00640DD6 /* ColoredViewController.xib */,
				5BF5E48D1F0EEB24004FE921 /* MvvmTouch.xcodeproj */,
				5BF5E4791F0D9B5E004FE921 /* AppDelegate.swift */,
				5BF5E47B1F0D9B5E004FE921 /* FlowViewController.swift */,
				5BF5E47D1F0D9B5E004FE921 /* Main.storyboard */,
				5BF5E4801F0D9B5E004FE921 /* Assets.xcassets */,
				5BF5E4821F0D9B5E004FE921 /* LaunchScreen.storyboard */,
				5BF5E4851F0D9B5E004FE921 /* Info.plist */,
				5B228E2C1F18239700640DD6 /* ColoredTableViewController.swift */,
				5B228E2D1F18239700640DD6 /* ColoredTableViewController.xib */,
			);
			path = FlowExample;
			sourceTree = "<group>";
		};
		5BF5E48E1F0EEB24004FE921 /* Products */ = {
			isa = PBXGroup;
			children = (
				5BF5E4931F0EEB24004FE921 /* MvvmTouch.framework */,
				5BF5E4951F0EEB24004FE921 /* MvvmTouchTests.xctest */,
			);
			name = Products;
			sourceTree = "<group>";
		};
/* End PBXGroup section */

/* Begin PBXNativeTarget section */
		5BF5E4751F0D9B5E004FE921 /* FlowExample */ = {
			isa = PBXNativeTarget;
			buildConfigurationList = 5BF5E4881F0D9B5E004FE921 /* Build configuration list for PBXNativeTarget "FlowExample" */;
			buildPhases = (
				5BF5E4721F0D9B5E004FE921 /* Sources */,
				5BF5E4731F0D9B5E004FE921 /* Frameworks */,
				5BF5E4741F0D9B5E004FE921 /* Resources */,
				5BF5E4961F0EEB5F004FE921 /* CopyFiles */,
			);
			buildRules = (
			);
			dependencies = (
			);
			name = FlowExample;
			productName = FlowExample;
			productReference = 5BF5E4761F0D9B5E004FE921 /* FlowExample.app */;
			productType = "com.apple.product-type.application";
		};
/* End PBXNativeTarget section */

/* Begin PBXProject section */
		5BF5E46E1F0D9B5E004FE921 /* Project object */ = {
			isa = PBXProject;
			attributes = {
				LastSwiftUpdateCheck = 0900;
				LastUpgradeCheck = 0900;
				ORGANIZATIONNAME = "Martin Nygren";
				TargetAttributes = {
					5BF5E4751F0D9B5E004FE921 = {
						CreatedOnToolsVersion = 9.0;
					};
				};
			};
			buildConfigurationList = 5BF5E4711F0D9B5E004FE921 /* Build configuration list for PBXProject "FlowExample" */;
			compatibilityVersion = "Xcode 8.0";
			developmentRegion = en;
			hasScannedForEncodings = 0;
			knownRegions = (
				en,
				Base,
			);
			mainGroup = 5BF5E46D1F0D9B5E004FE921;
			productRefGroup = 5BF5E4771F0D9B5E004FE921 /* Products */;
			projectDirPath = "";
			projectReferences = (
				{
					ProductGroup = 5BF5E48E1F0EEB24004FE921 /* Products */;
					ProjectRef = 5BF5E48D1F0EEB24004FE921 /* MvvmTouch.xcodeproj */;
				},
			);
			projectRoot = "";
			targets = (
				5BF5E4751F0D9B5E004FE921 /* FlowExample */,
			);
		};
/* End PBXProject section */

/* Begin PBXReferenceProxy section */
		5BF5E4931F0EEB24004FE921 /* MvvmTouch.framework */ = {
			isa = PBXReferenceProxy;
			fileType = wrapper.framework;
			path = MvvmTouch.framework;
			remoteRef = 5BF5E4921F0EEB24004FE921 /* PBXContainerItemProxy */;
			sourceTree = BUILT_PRODUCTS_DIR;
		};
		5BF5E4951F0EEB24004FE921 /* MvvmTouchTests.xctest */ = {
			isa = PBXReferenceProxy;
			fileType = wrapper.cfbundle;
			path = MvvmTouchTests.xctest;
			remoteRef = 5BF5E4941F0EEB24004FE921 /* PBXContainerItemProxy */;
			sourceTree = BUILT_PRODUCTS_DIR;
		};
/* End PBXReferenceProxy section */

/* Begin PBXResourcesBuildPhase section */
		5BF5E4741F0D9B5E004FE921 /* Resources */ = {
			isa = PBXResourcesBuildPhase;
			buildActionMask = 2147483647;
			files = (
				5BF5E4841F0D9B5E004FE921 /* LaunchScreen.storyboard in Resources */,
				5BF5E4811F0D9B5E004FE921 /* Assets.xcassets in Resources */,
				5B228E2F1F18239700640DD6 /* ColoredTableViewController.xib in Resources */,
				5BF5E47F1F0D9B5E004FE921 /* Main.storyboard in Resources */,
				5B228E331F1940D700640DD6 /* ColoredViewController.xib in Resources */,
			);
			runOnlyForDeploymentPostprocessing = 0;
		};
/* End PBXResourcesBuildPhase section */

/* Begin PBXSourcesBuildPhase section */
		5BF5E4721F0D9B5E004FE921 /* Sources */ = {
			isa = PBXSourcesBuildPhase;
			buildActionMask = 2147483647;
			files = (
				5B228E2E1F18239700640DD6 /* ColoredTableViewController.swift in Sources */,
				5B228E351F19415B00640DD6 /* ColoredViewControllerModel.swift in Sources */,
				5B228E321F1940CD00640DD6 /* ColoredViewController.swift in Sources */,
				5BF5E47C1F0D9B5E004FE921 /* FlowViewController.swift in Sources */,
				5BF5E47A1F0D9B5E004FE921 /* AppDelegate.swift in Sources */,
			);
			runOnlyForDeploymentPostprocessing = 0;
		};
/* End PBXSourcesBuildPhase section */

/* Begin PBXVariantGroup section */
		5BF5E47D1F0D9B5E004FE921 /* Main.storyboard */ = {
			isa = PBXVariantGroup;
			children = (
				5BF5E47E1F0D9B5E004FE921 /* Base */,
			);
			name = Main.storyboard;
			sourceTree = "<group>";
		};
		5BF5E4821F0D9B5E004FE921 /* LaunchScreen.storyboard */ = {
			isa = PBXVariantGroup;
			children = (
				5BF5E4831F0D9B5E004FE921 /* Base */,
			);
			name = LaunchScreen.storyboard;
			sourceTree = "<group>";
		};
/* End PBXVariantGroup section */

/* Begin XCBuildConfiguration section */
		5BF5E4861F0D9B5E004FE921 /* Debug */ = {
			isa = XCBuildConfiguration;
			buildSettings = {
				ALWAYS_SEARCH_USER_PATHS = NO;
				CLANG_ANALYZER_NONNULL = YES;
				CLANG_ANALYZER_NUMBER_OBJECT_CONVERSION = YES_AGGRESSIVE;
				CLANG_CXX_LANGUAGE_STANDARD = "gnu++14";
				CLANG_CXX_LIBRARY = "libc++";
				CLANG_ENABLE_MODULES = YES;
				CLANG_ENABLE_OBJC_ARC = YES;
				CLANG_WARN_BLOCK_CAPTURE_AUTORELEASING = YES;
				CLANG_WARN_BOOL_CONVERSION = YES;
				CLANG_WARN_COMMA = YES;
				CLANG_WARN_CONSTANT_CONVERSION = YES;
				CLANG_WARN_DIRECT_OBJC_ISA_USAGE = YES_ERROR;
				CLANG_WARN_DOCUMENTATION_COMMENTS = YES;
				CLANG_WARN_EMPTY_BODY = YES;
				CLANG_WARN_ENUM_CONVERSION = YES;
				CLANG_WARN_INFINITE_RECURSION = YES;
				CLANG_WARN_INT_CONVERSION = YES;
				CLANG_WARN_OBJC_ROOT_CLASS = YES_ERROR;
				CLANG_WARN_RANGE_LOOP_ANALYSIS = YES;
				CLANG_WARN_STRICT_PROTOTYPES = YES;
				CLANG_WARN_SUSPICIOUS_MOVE = YES;
				CLANG_WARN_UNGUARDED_AVAILABILITY = YES_AGGRESSIVE;
				CLANG_WARN_UNREACHABLE_CODE = YES;
				CLANG_WARN__DUPLICATE_METHOD_MATCH = YES;
				CODE_SIGN_IDENTITY = "iPhone Developer";
				COPY_PHASE_STRIP = NO;
				DEBUG_INFORMATION_FORMAT = dwarf;
				ENABLE_STRICT_OBJC_MSGSEND = YES;
				ENABLE_TESTABILITY = YES;
				GCC_C_LANGUAGE_STANDARD = gnu11;
				GCC_DYNAMIC_NO_PIC = NO;
				GCC_NO_COMMON_BLOCKS = YES;
				GCC_OPTIMIZATION_LEVEL = 0;
				GCC_PREPROCESSOR_DEFINITIONS = (
					"DEBUG=1",
					"$(inherited)",
				);
				GCC_WARN_64_TO_32_BIT_CONVERSION = YES;
				GCC_WARN_ABOUT_RETURN_TYPE = YES_ERROR;
				GCC_WARN_UNDECLARED_SELECTOR = YES;
				GCC_WARN_UNINITIALIZED_AUTOS = YES_AGGRESSIVE;
				GCC_WARN_UNUSED_FUNCTION = YES;
				GCC_WARN_UNUSED_VARIABLE = YES;
				IPHONEOS_DEPLOYMENT_TARGET = 11.0;
				MTL_ENABLE_DEBUG_INFO = YES;
				ONLY_ACTIVE_ARCH = YES;
				SDKROOT = iphoneos;
				SWIFT_ACTIVE_COMPILATION_CONDITIONS = DEBUG;
				SWIFT_OPTIMIZATION_LEVEL = "-Onone";
			};
			name = Debug;
		};
		5BF5E4871F0D9B5E004FE921 /* Release */ = {
			isa = XCBuildConfiguration;
			buildSettings = {
				ALWAYS_SEARCH_USER_PATHS = NO;
				CLANG_ANALYZER_NONNULL = YES;
				CLANG_ANALYZER_NUMBER_OBJECT_CONVERSION = YES_AGGRESSIVE;
				CLANG_CXX_LANGUAGE_STANDARD = "gnu++14";
				CLANG_CXX_LIBRARY = "libc++";
				CLANG_ENABLE_MODULES = YES;
				CLANG_ENABLE_OBJC_ARC = YES;
				CLANG_WARN_BLOCK_CAPTURE_AUTORELEASING = YES;
				CLANG_WARN_BOOL_CONVERSION = YES;
				CLANG_WARN_COMMA = YES;
				CLANG_WARN_CONSTANT_CONVERSION = YES;
				CLANG_WARN_DIRECT_OBJC_ISA_USAGE = YES_ERROR;
				CLANG_WARN_DOCUMENTATION_COMMENTS = YES;
				CLANG_WARN_EMPTY_BODY = YES;
				CLANG_WARN_ENUM_CONVERSION = YES;
				CLANG_WARN_INFINITE_RECURSION = YES;
				CLANG_WARN_INT_CONVERSION = YES;
				CLANG_WARN_OBJC_ROOT_CLASS = YES_ERROR;
				CLANG_WARN_RANGE_LOOP_ANALYSIS = YES;
				CLANG_WARN_STRICT_PROTOTYPES = YES;
				CLANG_WARN_SUSPICIOUS_MOVE = YES;
				CLANG_WARN_UNGUARDED_AVAILABILITY = YES_AGGRESSIVE;
				CLANG_WARN_UNREACHABLE_CODE = YES;
				CLANG_WARN__DUPLICATE_METHOD_MATCH = YES;
				CODE_SIGN_IDENTITY = "iPhone Developer";
				COPY_PHASE_STRIP = NO;
				DEBUG_INFORMATION_FORMAT = "dwarf-with-dsym";
				ENABLE_NS_ASSERTIONS = NO;
				ENABLE_STRICT_OBJC_MSGSEND = YES;
				GCC_C_LANGUAGE_STANDARD = gnu11;
				GCC_NO_COMMON_BLOCKS = YES;
				GCC_WARN_64_TO_32_BIT_CONVERSION = YES;
				GCC_WARN_ABOUT_RETURN_TYPE = YES_ERROR;
				GCC_WARN_UNDECLARED_SELECTOR = YES;
				GCC_WARN_UNINITIALIZED_AUTOS = YES_AGGRESSIVE;
				GCC_WARN_UNUSED_FUNCTION = YES;
				GCC_WARN_UNUSED_VARIABLE = YES;
				IPHONEOS_DEPLOYMENT_TARGET = 11.0;
				MTL_ENABLE_DEBUG_INFO = NO;
				SDKROOT = iphoneos;
				SWIFT_OPTIMIZATION_LEVEL = "-Owholemodule";
				VALIDATE_PRODUCT = YES;
			};
			name = Release;
		};
		5BF5E4891F0D9B5E004FE921 /* Debug */ = {
			isa = XCBuildConfiguration;
			buildSettings = {
				ASSETCATALOG_COMPILER_APPICON_NAME = AppIcon;
				DEVELOPMENT_TEAM = JNH48ZQ2BC;
				INFOPLIST_FILE = FlowExample/Info.plist;
				LD_RUNPATH_SEARCH_PATHS = "$(inherited) @executable_path/Frameworks";
				PRODUCT_BUNDLE_IDENTIFIER = uk.co.nygren.martin.FlowExample;
				PRODUCT_NAME = "$(TARGET_NAME)";
				SWIFT_VERSION = 4.0;
				TARGETED_DEVICE_FAMILY = "1,2";
			};
			name = Debug;
		};
		5BF5E48A1F0D9B5E004FE921 /* Release */ = {
			isa = XCBuildConfiguration;
			buildSettings = {
				ASSETCATALOG_COMPILER_APPICON_NAME = AppIcon;
				DEVELOPMENT_TEAM = JNH48ZQ2BC;
				INFOPLIST_FILE = FlowExample/Info.plist;
				LD_RUNPATH_SEARCH_PATHS = "$(inherited) @executable_path/Frameworks";
				PRODUCT_BUNDLE_IDENTIFIER = uk.co.nygren.martin.FlowExample;
				PRODUCT_NAME = "$(TARGET_NAME)";
				SWIFT_VERSION = 4.0;
				TARGETED_DEVICE_FAMILY = "1,2";
			};
			name = Release;
		};
/* End XCBuildConfiguration section */

/* Begin XCConfigurationList section */
		5BF5E4711F0D9B5E004FE921 /* Build configuration list for PBXProject "FlowExample" */ = {
			isa = XCConfigurationList;
			buildConfigurations = (
				5BF5E4861F0D9B5E004FE921 /* Debug */,
				5BF5E4871F0D9B5E004FE921 /* Release */,
			);
			defaultConfigurationIsVisible = 0;
			defaultConfigurationName = Release;
		};
		5BF5E4881F0D9B5E004FE921 /* Build configuration list for PBXNativeTarget "FlowExample" */ = {
			isa = XCConfigurationList;
			buildConfigurations = (
				5BF5E4891F0D9B5E004FE921 /* Debug */,
				5BF5E48A1F0D9B5E004FE921 /* Release */,
			);
			defaultConfigurationIsVisible = 0;
			defaultConfigurationName = Release;
		};
/* End XCConfigurationList section */
	};
	rootObject = 5BF5E46E1F0D9B5E004FE921 /* Project object */;
}
