// !$*UTF8*$!
{
	archiveVersion = 1;
	classes = {
	};
	objectVersion = 46;
	objects = {

/* Begin PBXBuildFile section */
		5B1C8AE21E36959E00F3DD3B /* AppDelegate.swift in Sources */ = {isa = PBXBuildFile; fileRef = 5B1C8AE11E36959E00F3DD3B /* AppDelegate.swift */; };
		5B1C8AE41E36959E00F3DD3B /* ViewController.swift in Sources */ = {isa = PBXBuildFile; fileRef = 5B1C8AE31E36959E00F3DD3B /* ViewController.swift */; };
		5B1C8AE71E36959E00F3DD3B /* Main.storyboard in Resources */ = {isa = PBXBuildFile; fileRef = 5B1C8AE51E36959E00F3DD3B /* Main.storyboard */; };
		5B1C8AE91E36959E00F3DD3B /* Assets.xcassets in Resources */ = {isa = PBXBuildFile; fileRef = 5B1C8AE81E36959E00F3DD3B /* Assets.xcassets */; };
		5B1C8AEC1E36959E00F3DD3B /* LaunchScreen.storyboard in Resources */ = {isa = PBXBuildFile; fileRef = 5B1C8AEA1E36959E00F3DD3B /* LaunchScreen.storyboard */; };
		5B1C8B111E3695AD00F3DD3B /* MvvmTouch.framework in Frameworks */ = {isa = PBXBuildFile; fileRef = 5B1C8B101E3695AD00F3DD3B /* MvvmTouch.framework */; };
		5B1C8B1F1E36976F00F3DD3B /* MvvmTouch.framework in CopyFiles */ = {isa = PBXBuildFile; fileRef = 5B1C8B1A1E36972200F3DD3B /* MvvmTouch.framework */; settings = {ATTRIBUTES = (CodeSignOnCopy, RemoveHeadersOnCopy, ); }; };
		5BA0B63B1E37C5C200A50C41 /* ColoredViewController.swift in Sources */ = {isa = PBXBuildFile; fileRef = 5BA0B6391E37C5C200A50C41 /* ColoredViewController.swift */; };
		5BA0B63C1E37C5C200A50C41 /* ColoredViewController.xib in Resources */ = {isa = PBXBuildFile; fileRef = 5BA0B63A1E37C5C200A50C41 /* ColoredViewController.xib */; };
		5BA0B63E1E37C5E200A50C41 /* ColoredViewControllerModel.swift in Sources */ = {isa = PBXBuildFile; fileRef = 5BA0B63D1E37C5E200A50C41 /* ColoredViewControllerModel.swift */; };
/* End PBXBuildFile section */

/* Begin PBXContainerItemProxy section */
		5B1C8B191E36972200F3DD3B /* PBXContainerItemProxy */ = {
			isa = PBXContainerItemProxy;
			containerPortal = 5B1C8B141E36972200F3DD3B /* MvvmTouch.xcodeproj */;
			proxyType = 2;
			remoteGlobalIDString = 5B1C8A751E36949900F3DD3B;
			remoteInfo = MvvmTouch;
		};
		5B1C8B1B1E36972200F3DD3B /* PBXContainerItemProxy */ = {
			isa = PBXContainerItemProxy;
			containerPortal = 5B1C8B141E36972200F3DD3B /* MvvmTouch.xcodeproj */;
			proxyType = 2;
			remoteGlobalIDString = 5B1C8A7E1E36949900F3DD3B;
			remoteInfo = MvvmTouchTests;
		};
		5B1C8B1D1E36972C00F3DD3B /* PBXContainerItemProxy */ = {
			isa = PBXContainerItemProxy;
			containerPortal = 5B1C8B141E36972200F3DD3B /* MvvmTouch.xcodeproj */;
			proxyType = 1;
			remoteGlobalIDString = 5B1C8A741E36949900F3DD3B;
			remoteInfo = MvvmTouch;
		};
/* End PBXContainerItemProxy section */

/* Begin PBXCopyFilesBuildPhase section */
		5B1C8B121E3695BD00F3DD3B /* CopyFiles */ = {
			isa = PBXCopyFilesBuildPhase;
			buildActionMask = 2147483647;
			dstPath = "";
			dstSubfolderSpec = 10;
			files = (
				5B1C8B1F1E36976F00F3DD3B /* MvvmTouch.framework in CopyFiles */,
			);
			runOnlyForDeploymentPostprocessing = 0;
		};
/* End PBXCopyFilesBuildPhase section */

/* Begin PBXFileReference section */
		5B1C8ADE1E36959E00F3DD3B /* SimplePushPresentExample.app */ = {isa = PBXFileReference; explicitFileType = wrapper.application; includeInIndex = 0; path = SimplePushPresentExample.app; sourceTree = BUILT_PRODUCTS_DIR; };
		5B1C8AE11E36959E00F3DD3B /* AppDelegate.swift */ = {isa = PBXFileReference; lastKnownFileType = sourcecode.swift; path = AppDelegate.swift; sourceTree = "<group>"; };
		5B1C8AE31E36959E00F3DD3B /* ViewController.swift */ = {isa = PBXFileReference; lastKnownFileType = sourcecode.swift; path = ViewController.swift; sourceTree = "<group>"; };
		5B1C8AE61E36959E00F3DD3B /* Base */ = {isa = PBXFileReference; lastKnownFileType = file.storyboard; name = Base; path = Base.lproj/Main.storyboard; sourceTree = "<group>"; };
		5B1C8AE81E36959E00F3DD3B /* Assets.xcassets */ = {isa = PBXFileReference; lastKnownFileType = folder.assetcatalog; path = Assets.xcassets; sourceTree = "<group>"; };
		5B1C8AEB1E36959E00F3DD3B /* Base */ = {isa = PBXFileReference; lastKnownFileType = file.storyboard; name = Base; path = Base.lproj/LaunchScreen.storyboard; sourceTree = "<group>"; };
		5B1C8AED1E36959E00F3DD3B /* Info.plist */ = {isa = PBXFileReference; lastKnownFileType = text.plist.xml; path = Info.plist; sourceTree = "<group>"; };
		5B1C8B101E3695AD00F3DD3B /* MvvmTouch.framework */ = {isa = PBXFileReference; lastKnownFileType = wrapper.framework; name = MvvmTouch.framework; path = "../MvvmTouch/build/Debug-iphoneos/MvvmTouch.framework"; sourceTree = "<group>"; };
		5B1C8B141E36972200F3DD3B /* MvvmTouch.xcodeproj */ = {isa = PBXFileReference; lastKnownFileType = "wrapper.pb-project"; name = MvvmTouch.xcodeproj; path = ../MvvmTouch/MvvmTouch.xcodeproj; sourceTree = "<group>"; };
		5BA0B6391E37C5C200A50C41 /* ColoredViewController.swift */ = {isa = PBXFileReference; fileEncoding = 4; lastKnownFileType = sourcecode.swift; path = ColoredViewController.swift; sourceTree = "<group>"; };
		5BA0B63A1E37C5C200A50C41 /* ColoredViewController.xib */ = {isa = PBXFileReference; fileEncoding = 4; lastKnownFileType = file.xib; path = ColoredViewController.xib; sourceTree = "<group>"; };
		5BA0B63D1E37C5E200A50C41 /* ColoredViewControllerModel.swift */ = {isa = PBXFileReference; fileEncoding = 4; lastKnownFileType = sourcecode.swift; path = ColoredViewControllerModel.swift; sourceTree = "<group>"; };
/* End PBXFileReference section */

/* Begin PBXFrameworksBuildPhase section */
		5B1C8ADB1E36959E00F3DD3B /* Frameworks */ = {
			isa = PBXFrameworksBuildPhase;
			buildActionMask = 2147483647;
			files = (
				5B1C8B111E3695AD00F3DD3B /* MvvmTouch.framework in Frameworks */,
			);
			runOnlyForDeploymentPostprocessing = 0;
		};
/* End PBXFrameworksBuildPhase section */

/* Begin PBXGroup section */
		5B1C8AD51E36959E00F3DD3B = {
			isa = PBXGroup;
			children = (
				5B1C8B141E36972200F3DD3B /* MvvmTouch.xcodeproj */,
				5B1C8AE01E36959E00F3DD3B /* SimplePushPresentExample */,
				5B1C8ADF1E36959E00F3DD3B /* Products */,
				5B1C8B0F1E3695AD00F3DD3B /* Frameworks */,
			);
			sourceTree = "<group>";
		};
		5B1C8ADF1E36959E00F3DD3B /* Products */ = {
			isa = PBXGroup;
			children = (
				5B1C8ADE1E36959E00F3DD3B /* SimplePushPresentExample.app */,
			);
			name = Products;
			sourceTree = "<group>";
		};
		5B1C8AE01E36959E00F3DD3B /* SimplePushPresentExample */ = {
			isa = PBXGroup;
			children = (
				5B1C8AE11E36959E00F3DD3B /* AppDelegate.swift */,
				5B1C8AE31E36959E00F3DD3B /* ViewController.swift */,
				5B1C8AE51E36959E00F3DD3B /* Main.storyboard */,
				5B1C8AE81E36959E00F3DD3B /* Assets.xcassets */,
				5B1C8AEA1E36959E00F3DD3B /* LaunchScreen.storyboard */,
				5B1C8AED1E36959E00F3DD3B /* Info.plist */,
				5BA0B63D1E37C5E200A50C41 /* ColoredViewControllerModel.swift */,
				5BA0B6391E37C5C200A50C41 /* ColoredViewController.swift */,
				5BA0B63A1E37C5C200A50C41 /* ColoredViewController.xib */,
			);
			path = SimplePushPresentExample;
			sourceTree = "<group>";
		};
		5B1C8B0F1E3695AD00F3DD3B /* Frameworks */ = {
			isa = PBXGroup;
			children = (
				5B1C8B101E3695AD00F3DD3B /* MvvmTouch.framework */,
			);
			name = Frameworks;
			sourceTree = "<group>";
		};
		5B1C8B151E36972200F3DD3B /* Products */ = {
			isa = PBXGroup;
			children = (
				5B1C8B1A1E36972200F3DD3B /* MvvmTouch.framework */,
				5B1C8B1C1E36972200F3DD3B /* MvvmTouchTests.xctest */,
			);
			name = Products;
			sourceTree = "<group>";
		};
/* End PBXGroup section */

/* Begin PBXNativeTarget section */
		5B1C8ADD1E36959E00F3DD3B /* SimplePushPresentExample */ = {
			isa = PBXNativeTarget;
			buildConfigurationList = 5B1C8B061E36959E00F3DD3B /* Build configuration list for PBXNativeTarget "SimplePushPresentExample" */;
			buildPhases = (
				5B1C8ADA1E36959E00F3DD3B /* Sources */,
				5B1C8ADB1E36959E00F3DD3B /* Frameworks */,
				5B1C8ADC1E36959E00F3DD3B /* Resources */,
				5B1C8B121E3695BD00F3DD3B /* CopyFiles */,
				5B5DC4A21E3D12E600558077 /* ShellScript */,
			);
			buildRules = (
			);
			dependencies = (
				5B1C8B1E1E36972C00F3DD3B /* PBXTargetDependency */,
			);
			name = SimplePushPresentExample;
			productName = SimplePushPresentExample;
			productReference = 5B1C8ADE1E36959E00F3DD3B /* SimplePushPresentExample.app */;
			productType = "com.apple.product-type.application";
		};
/* End PBXNativeTarget section */

/* Begin PBXProject section */
		5B1C8AD61E36959E00F3DD3B /* Project object */ = {
			isa = PBXProject;
			attributes = {
				LastSwiftUpdateCheck = 0820;
				LastUpgradeCheck = 0820;
				ORGANIZATIONNAME = "Martin Nygren";
				TargetAttributes = {
					5B1C8ADD1E36959E00F3DD3B = {
						CreatedOnToolsVersion = 8.2.1;
						DevelopmentTeam = JNH48ZQ2BC;
						LastSwiftMigration = 0900;
						ProvisioningStyle = Automatic;
					};
				};
			};
			buildConfigurationList = 5B1C8AD91E36959E00F3DD3B /* Build configuration list for PBXProject "SimplePushPresentExample" */;
			compatibilityVersion = "Xcode 3.2";
			developmentRegion = English;
			hasScannedForEncodings = 0;
			knownRegions = (
				en,
				Base,
			);
			mainGroup = 5B1C8AD51E36959E00F3DD3B;
			productRefGroup = 5B1C8ADF1E36959E00F3DD3B /* Products */;
			projectDirPath = "";
			projectReferences = (
				{
					ProductGroup = 5B1C8B151E36972200F3DD3B /* Products */;
					ProjectRef = 5B1C8B141E36972200F3DD3B /* MvvmTouch.xcodeproj */;
				},
			);
			projectRoot = "";
			targets = (
				5B1C8ADD1E36959E00F3DD3B /* SimplePushPresentExample */,
			);
		};
/* End PBXProject section */

/* Begin PBXReferenceProxy section */
		5B1C8B1A1E36972200F3DD3B /* MvvmTouch.framework */ = {
			isa = PBXReferenceProxy;
			fileType = wrapper.framework;
			path = MvvmTouch.framework;
			remoteRef = 5B1C8B191E36972200F3DD3B /* PBXContainerItemProxy */;
			sourceTree = BUILT_PRODUCTS_DIR;
		};
		5B1C8B1C1E36972200F3DD3B /* MvvmTouchTests.xctest */ = {
			isa = PBXReferenceProxy;
			fileType = wrapper.cfbundle;
			path = MvvmTouchTests.xctest;
			remoteRef = 5B1C8B1B1E36972200F3DD3B /* PBXContainerItemProxy */;
			sourceTree = BUILT_PRODUCTS_DIR;
		};
/* End PBXReferenceProxy section */

/* Begin PBXResourcesBuildPhase section */
		5B1C8ADC1E36959E00F3DD3B /* Resources */ = {
			isa = PBXResourcesBuildPhase;
			buildActionMask = 2147483647;
			files = (
				5B1C8AEC1E36959E00F3DD3B /* LaunchScreen.storyboard in Resources */,
				5BA0B63C1E37C5C200A50C41 /* ColoredViewController.xib in Resources */,
				5B1C8AE91E36959E00F3DD3B /* Assets.xcassets in Resources */,
				5B1C8AE71E36959E00F3DD3B /* Main.storyboard in Resources */,
			);
			runOnlyForDeploymentPostprocessing = 0;
		};
/* End PBXResourcesBuildPhase section */

/* Begin PBXShellScriptBuildPhase section */
		5B5DC4A21E3D12E600558077 /* ShellScript */ = {
			isa = PBXShellScriptBuildPhase;
			buildActionMask = 2147483647;
			files = (
			);
			inputPaths = (
			);
			outputPaths = (
			);
			runOnlyForDeploymentPostprocessing = 0;
			shellPath = /bin/sh;
			shellScript = "if which swiftlint >/dev/null; then\nswiftlint\nelse\necho \"warning: SwiftLint not installed, download from https://github.com/realm/SwiftLint\"\nfi";
		};
/* End PBXShellScriptBuildPhase section */

/* Begin PBXSourcesBuildPhase section */
		5B1C8ADA1E36959E00F3DD3B /* Sources */ = {
			isa = PBXSourcesBuildPhase;
			buildActionMask = 2147483647;
			files = (
				5BA0B63B1E37C5C200A50C41 /* ColoredViewController.swift in Sources */,
				5B1C8AE41E36959E00F3DD3B /* ViewController.swift in Sources */,
				5BA0B63E1E37C5E200A50C41 /* ColoredViewControllerModel.swift in Sources */,
				5B1C8AE21E36959E00F3DD3B /* AppDelegate.swift in Sources */,
			);
			runOnlyForDeploymentPostprocessing = 0;
		};
/* End PBXSourcesBuildPhase section */

/* Begin PBXTargetDependency section */
		5B1C8B1E1E36972C00F3DD3B /* PBXTargetDependency */ = {
			isa = PBXTargetDependency;
			name = MvvmTouch;
			targetProxy = 5B1C8B1D1E36972C00F3DD3B /* PBXContainerItemProxy */;
		};
/* End PBXTargetDependency section */

/* Begin PBXVariantGroup section */
		5B1C8AE51E36959E00F3DD3B /* Main.storyboard */ = {
			isa = PBXVariantGroup;
			children = (
				5B1C8AE61E36959E00F3DD3B /* Base */,
			);
			name = Main.storyboard;
			sourceTree = "<group>";
		};
		5B1C8AEA1E36959E00F3DD3B /* LaunchScreen.storyboard */ = {
			isa = PBXVariantGroup;
			children = (
				5B1C8AEB1E36959E00F3DD3B /* Base */,
			);
			name = LaunchScreen.storyboard;
			sourceTree = "<group>";
		};
/* End PBXVariantGroup section */

/* Begin XCBuildConfiguration section */
		5B1C8B041E36959E00F3DD3B /* Debug */ = {
			isa = XCBuildConfiguration;
			buildSettings = {
				ALWAYS_SEARCH_USER_PATHS = NO;
				CLANG_ANALYZER_NONNULL = YES;
				CLANG_CXX_LANGUAGE_STANDARD = "gnu++0x";
				CLANG_CXX_LIBRARY = "libc++";
				CLANG_ENABLE_MODULES = YES;
				CLANG_ENABLE_OBJC_ARC = YES;
				CLANG_WARN_BOOL_CONVERSION = YES;
				CLANG_WARN_CONSTANT_CONVERSION = YES;
				CLANG_WARN_DIRECT_OBJC_ISA_USAGE = YES_ERROR;
				CLANG_WARN_DOCUMENTATION_COMMENTS = YES;
				CLANG_WARN_EMPTY_BODY = YES;
				CLANG_WARN_ENUM_CONVERSION = YES;
				CLANG_WARN_INFINITE_RECURSION = YES;
				CLANG_WARN_INT_CONVERSION = YES;
				CLANG_WARN_OBJC_ROOT_CLASS = YES_ERROR;
				CLANG_WARN_SUSPICIOUS_MOVE = YES;
				CLANG_WARN_UNREACHABLE_CODE = YES;
				CLANG_WARN__DUPLICATE_METHOD_MATCH = YES;
				"CODE_SIGN_IDENTITY[sdk=iphoneos*]" = "iPhone Developer";
				COPY_PHASE_STRIP = NO;
				DEBUG_INFORMATION_FORMAT = dwarf;
				ENABLE_STRICT_OBJC_MSGSEND = YES;
				ENABLE_TESTABILITY = YES;
				GCC_C_LANGUAGE_STANDARD = gnu99;
				GCC_DYNAMIC_NO_PIC = NO;
				GCC_NO_COMMON_BLOCKS = YES;
				GCC_OPTIMIZATION_LEVEL = 0;
				GCC_PREPROCESSOR_DEFINITIONS = (
					"DEBUG=1",
					"$(inherited)",
				);
				GCC_WARN_64_TO_32_BIT_CONVERSION = YES;
				GCC_WARN_ABOUT_RETURN_TYPE = YES_ERROR;
				GCC_WARN_UNDECLARED_SELECTOR = YES;
				GCC_WARN_UNINITIALIZED_AUTOS = YES_AGGRESSIVE;
				GCC_WARN_UNUSED_FUNCTION = YES;
				GCC_WARN_UNUSED_VARIABLE = YES;
				IPHONEOS_DEPLOYMENT_TARGET = 10.2;
				MTL_ENABLE_DEBUG_INFO = YES;
				ONLY_ACTIVE_ARCH = YES;
				SDKROOT = iphoneos;
				SWIFT_ACTIVE_COMPILATION_CONDITIONS = DEBUG;
				SWIFT_OPTIMIZATION_LEVEL = "-Onone";
			};
			name = Debug;
		};
		5B1C8B051E36959E00F3DD3B /* Release */ = {
			isa = XCBuildConfiguration;
			buildSettings = {
				ALWAYS_SEARCH_USER_PATHS = NO;
				CLANG_ANALYZER_NONNULL = YES;
				CLANG_CXX_LANGUAGE_STANDARD = "gnu++0x";
				CLANG_CXX_LIBRARY = "libc++";
				CLANG_ENABLE_MODULES = YES;
				CLANG_ENABLE_OBJC_ARC = YES;
				CLANG_WARN_BOOL_CONVERSION = YES;
				CLANG_WARN_CONSTANT_CONVERSION = YES;
				CLANG_WARN_DIRECT_OBJC_ISA_USAGE = YES_ERROR;
				CLANG_WARN_DOCUMENTATION_COMMENTS = YES;
				CLANG_WARN_EMPTY_BODY = YES;
				CLANG_WARN_ENUM_CONVERSION = YES;
				CLANG_WARN_INFINITE_RECURSION = YES;
				CLANG_WARN_INT_CONVERSION = YES;
				CLANG_WARN_OBJC_ROOT_CLASS = YES_ERROR;
				CLANG_WARN_SUSPICIOUS_MOVE = YES;
				CLANG_WARN_UNREACHABLE_CODE = YES;
				CLANG_WARN__DUPLICATE_METHOD_MATCH = YES;
				"CODE_SIGN_IDENTITY[sdk=iphoneos*]" = "iPhone Developer";
				COPY_PHASE_STRIP = NO;
				DEBUG_INFORMATION_FORMAT = "dwarf-with-dsym";
				ENABLE_NS_ASSERTIONS = NO;
				ENABLE_STRICT_OBJC_MSGSEND = YES;
				GCC_C_LANGUAGE_STANDARD = gnu99;
				GCC_NO_COMMON_BLOCKS = YES;
				GCC_WARN_64_TO_32_BIT_CONVERSION = YES;
				GCC_WARN_ABOUT_RETURN_TYPE = YES_ERROR;
				GCC_WARN_UNDECLARED_SELECTOR = YES;
				GCC_WARN_UNINITIALIZED_AUTOS = YES_AGGRESSIVE;
				GCC_WARN_UNUSED_FUNCTION = YES;
				GCC_WARN_UNUSED_VARIABLE = YES;
				IPHONEOS_DEPLOYMENT_TARGET = 10.2;
				MTL_ENABLE_DEBUG_INFO = NO;
				SDKROOT = iphoneos;
				SWIFT_OPTIMIZATION_LEVEL = "-Owholemodule";
				VALIDATE_PRODUCT = YES;
			};
			name = Release;
		};
		5B1C8B071E36959E00F3DD3B /* Debug */ = {
			isa = XCBuildConfiguration;
			buildSettings = {
				ASSETCATALOG_COMPILER_APPICON_NAME = AppIcon;
				DEVELOPMENT_TEAM = JNH48ZQ2BC;
				INFOPLIST_FILE = SimplePushPresentExample/Info.plist;
				LD_RUNPATH_SEARCH_PATHS = "$(inherited) @executable_path/Frameworks";
				PRODUCT_BUNDLE_IDENTIFIER = uk.co.nygren.martin.SimplePushPresentExample;
				PRODUCT_NAME = "$(TARGET_NAME)";
				SWIFT_SWIFT3_OBJC_INFERENCE = On;
				SWIFT_VERSION = 4.0;
			};
			name = Debug;
		};
		5B1C8B081E36959E00F3DD3B /* Release */ = {
			isa = XCBuildConfiguration;
			buildSettings = {
				ASSETCATALOG_COMPILER_APPICON_NAME = AppIcon;
				DEVELOPMENT_TEAM = JNH48ZQ2BC;
				INFOPLIST_FILE = SimplePushPresentExample/Info.plist;
				LD_RUNPATH_SEARCH_PATHS = "$(inherited) @executable_path/Frameworks";
				PRODUCT_BUNDLE_IDENTIFIER = uk.co.nygren.martin.SimplePushPresentExample;
				PRODUCT_NAME = "$(TARGET_NAME)";
				SWIFT_SWIFT3_OBJC_INFERENCE = On;
				SWIFT_VERSION = 4.0;
			};
			name = Release;
		};
/* End XCBuildConfiguration section */

/* Begin XCConfigurationList section */
		5B1C8AD91E36959E00F3DD3B /* Build configuration list for PBXProject "SimplePushPresentExample" */ = {
			isa = XCConfigurationList;
			buildConfigurations = (
				5B1C8B041E36959E00F3DD3B /* Debug */,
				5B1C8B051E36959E00F3DD3B /* Release */,
			);
			defaultConfigurationIsVisible = 0;
			defaultConfigurationName = Release;
		};
		5B1C8B061E36959E00F3DD3B /* Build configuration list for PBXNativeTarget "SimplePushPresentExample" */ = {
			isa = XCConfigurationList;
			buildConfigurations = (
				5B1C8B071E36959E00F3DD3B /* Debug */,
				5B1C8B081E36959E00F3DD3B /* Release */,
			);
			defaultConfigurationIsVisible = 0;
			defaultConfigurationName = Release;
		};
/* End XCConfigurationList section */
	};
	rootObject = 5B1C8AD61E36959E00F3DD3B /* Project object */;
}
